
Microsoft Visual Studio Solution File, Format Version 12.00
# Visual Studio Version 17
VisualStudioVersion = 17.5.002.0
MinimumVisualStudioVersion = 10.0.40219.1
Project("{9A19103F-16F7-4668-BE54-9A1E7A4F7556}") = "HelloWorldDotNet", "HelloWorldDotNet.csproj", "{366775A2-8C8D-4C5E-9980-F8A2BEA533EE}"
EndProject
Global
	GlobalSection(SolutionConfigurationPlatforms) = preSolution
		Debug|Any CPU = Debug|Any CPU
		Release|Any CPU = Release|Any CPU
	EndGlobalSection
	GlobalSection(ProjectConfigurationPlatforms) = postSolution
		{366775A2-8C8D-4C5E-9980-F8A2BEA533EE}.Debug|Any CPU.ActiveCfg = Debug|Any CPU
		{366775A2-8C8D-4C5E-9980-F8A2BEA533EE}.Debug|Any CPU.Build.0 = Debug|Any CPU
		{366775A2-8C8D-4C5E-9980-F8A2BEA533EE}.Release|Any CPU.ActiveCfg = Release|Any CPU
		{366775A2-8C8D-4C5E-9980-F8A2BEA533EE}.Release|Any CPU.Build.0 = Release|Any CPU
	EndGlobalSection
	GlobalSection(SolutionProperties) = preSolution
		HideSolutionNode = FALSE
	EndGlobalSection
	GlobalSection(ExtensibilityGlobals) = postSolution
		SolutionGuid = {DBFC24D7-34AF-429C-A9AD-8E04CC7D203B}
	EndGlobalSection
EndGlobal
